
Microsoft Visual Studio Solution File, Format Version 12.00
# Visual Studio Version 16
VisualStudioVersion = 16.0.31624.102
MinimumVisualStudioVersion = 10.0.40219.1
Project("{FAE04EC0-301F-11D3-BF4B-00C04F79EFBC}") = "RPSsimulation", "RPSsimulation.csproj", "{EBAC4214-0471-47B5-9812-B1CDD84F9260}"
EndProject
Global
	GlobalSection(SolutionConfigurationPlatforms) = preSolution
		Debug|Any CPU = Debug|Any CPU
		Release|Any CPU = Release|Any CPU
	EndGlobalSection
	GlobalSection(ProjectConfigurationPlatforms) = postSolution
		{EBAC4214-0471-47B5-9812-B1CDD84F9260}.Debug|Any CPU.ActiveCfg = Debug|Any CPU
		{EBAC4214-0471-47B5-9812-B1CDD84F9260}.Debug|Any CPU.Build.0 = Debug|Any CPU
		{EBAC4214-0471-47B5-9812-B1CDD84F9260}.Release|Any CPU.ActiveCfg = Release|Any CPU
		{EBAC4214-0471-47B5-9812-B1CDD84F9260}.Release|Any CPU.Build.0 = Release|Any CPU
	EndGlobalSection
	GlobalSection(SolutionProperties) = preSolution
		HideSolutionNode = FALSE
	EndGlobalSection
	GlobalSection(ExtensibilityGlobals) = postSolution
		SolutionGuid = {6F4968D1-342E-48E7-B725-7ACD7F22AE31}
	EndGlobalSection
EndGlobal
